Microsoft Visual Studio Solution File, Format Version 11.00
# Visual Studio 2008

Project("{ACC5AC2E-098E-2717-7AC1-E68BCF26B726}") = "GDFinal", "Assembly-CSharp-firstpass.csproj", "{8E5DFA70-9728-6626-2A29-F548789FE428}"
EndProject
Project("{ACC5AC2E-098E-2717-7AC1-E68BCF26B726}") = "GDFinal", "Assembly-CSharp.csproj", "{C7164B92-DAB4-2065-23A6-0F62899BA14E}"
EndProject
Project("{ACC5AC2E-098E-2717-7AC1-E68BCF26B726}") = "GDFinal", "Assembly-UnityScript-firstpass.unityproj", "{5D558FDA-7C18-21CA-0088-47EC6665ECFB}"
EndProject
Project("{ACC5AC2E-098E-2717-7AC1-E68BCF26B726}") = "GDFinal", "Assembly-UnityScript.unityproj", "{E1B2D134-D6E2-43AD-E986-6B0903CB2F42}"
EndProject
Global
	GlobalSection(SolutionConfigurationPlatforms) = preSolution
		Debug|Any CPU = Debug|Any CPU
		Release|Any CPU = Release|Any CPU
	EndGlobalSection
	GlobalSection(ProjectConfigurationPlatforms) = postSolution
		{8E5DFA70-9728-6626-2A29-F548789FE428}.Debug|Any CPU.ActiveCfg = Debug|Any CPU
		{8E5DFA70-9728-6626-2A29-F548789FE428}.Debug|Any CPU.Build.0 = Debug|Any CPU
		{8E5DFA70-9728-6626-2A29-F548789FE428}.Release|Any CPU.ActiveCfg = Release|Any CPU
		{8E5DFA70-9728-6626-2A29-F548789FE428}.Release|Any CPU.Build.0 = Release|Any CPU
		{C7164B92-DAB4-2065-23A6-0F62899BA14E}.Debug|Any CPU.ActiveCfg = Debug|Any CPU
		{C7164B92-DAB4-2065-23A6-0F62899BA14E}.Debug|Any CPU.Build.0 = Debug|Any CPU
		{C7164B92-DAB4-2065-23A6-0F62899BA14E}.Release|Any CPU.ActiveCfg = Release|Any CPU
		{C7164B92-DAB4-2065-23A6-0F62899BA14E}.Release|Any CPU.Build.0 = Release|Any CPU
		{5D558FDA-7C18-21CA-0088-47EC6665ECFB}.Debug|Any CPU.ActiveCfg = Debug|Any CPU
		{5D558FDA-7C18-21CA-0088-47EC6665ECFB}.Debug|Any CPU.Build.0 = Debug|Any CPU
		{5D558FDA-7C18-21CA-0088-47EC6665ECFB}.Release|Any CPU.ActiveCfg = Release|Any CPU
		{5D558FDA-7C18-21CA-0088-47EC6665ECFB}.Release|Any CPU.Build.0 = Release|Any CPU
		{E1B2D134-D6E2-43AD-E986-6B0903CB2F42}.Debug|Any CPU.ActiveCfg = Debug|Any CPU
		{E1B2D134-D6E2-43AD-E986-6B0903CB2F42}.Debug|Any CPU.Build.0 = Debug|Any CPU
		{E1B2D134-D6E2-43AD-E986-6B0903CB2F42}.Release|Any CPU.ActiveCfg = Release|Any CPU
		{E1B2D134-D6E2-43AD-E986-6B0903CB2F42}.Release|Any CPU.Build.0 = Release|Any CPU
	EndGlobalSection
	GlobalSection(SolutionProperties) = preSolution
		HideSolutionNode = FALSE
	EndGlobalSection
																																															GlobalSection(MonoDevelopProperties) = preSolution
		StartupItem = Assembly-CSharp.csproj
		Policies = $0
		$0.TextStylePolicy = $1
		$1.inheritsSet = null
		$1.scope = text/x-csharp
		$0.CSharpFormattingPolicy = $2
		$2.inheritsSet = Mono
		$2.inheritsScope = text/x-csharp
		$2.scope = text/x-csharp
		$0.TextStylePolicy = $3
		$3.FileWidth = 120
		$3.TabWidth = 4
		$3.EolMarker = Unix
		$3.inheritsSet = Mono
		$3.inheritsScope = text/plain
		$3.scope = text/plain
	EndGlobalSection

EndGlobal
